
Microsoft Visual Studio Solution File, Format Version 12.00
# Visual Studio 15
VisualStudioVersion = 15.0.27004.2006
MinimumVisualStudioVersion = 10.0.40219.1
Project("{FAE04EC0-301F-11D3-BF4B-00C04F79EFBC}") = "IsotopeFitter", "IsotopeFitter\IsotopeFitter.csproj", "{63137230-8076-4E73-BC43-7F238E5924BE}"
EndProject
Project("{FAE04EC0-301F-11D3-BF4B-00C04F79EFBC}") = "IsotopeFitLib", "IsotopeFitLib\IsotopeFitLib.csproj", "{22DB119B-6BAC-4F70-ACA6-4FA56215BFEB}"
EndProject
Project("{FAE04EC0-301F-11D3-BF4B-00C04F79EFBC}") = "IsotopeFitLib.Tests", "IsotopeFitLib.Tests\IsotopeFitLib.Tests.csproj", "{8EDF4429-251A-416D-BB68-93F227191BCF}"
EndProject
Project("{FAE04EC0-301F-11D3-BF4B-00C04F79EFBC}") = "IsotopeFitter.Tests", "IsotopeFitter.Tests\IsotopeFitter.Tests.csproj", "{20B95A5E-C4E6-4683-9D0A-19692E5F76FE}"
EndProject
Global
	GlobalSection(SolutionConfigurationPlatforms) = preSolution
		Debug|x64 = Debug|x64
		Release|x64 = Release|x64
		Description = Library and executable to extract data from spectra measured at ClusTOF.
	EndGlobalSection
	GlobalSection(ProjectConfigurationPlatforms) = postSolution
		{63137230-8076-4E73-BC43-7F238E5924BE}.Debug|x64.ActiveCfg = Debug|x64
		{63137230-8076-4E73-BC43-7F238E5924BE}.Debug|x64.Build.0 = Debug|x64
		{63137230-8076-4E73-BC43-7F238E5924BE}.Release|x64.ActiveCfg = Release|x64
		{63137230-8076-4E73-BC43-7F238E5924BE}.Release|x64.Build.0 = Release|x64
		{22DB119B-6BAC-4F70-ACA6-4FA56215BFEB}.Debug|x64.ActiveCfg = Debug|x64
		{22DB119B-6BAC-4F70-ACA6-4FA56215BFEB}.Debug|x64.Build.0 = Debug|x64
		{22DB119B-6BAC-4F70-ACA6-4FA56215BFEB}.Release|x64.ActiveCfg = Release|x64
		{22DB119B-6BAC-4F70-ACA6-4FA56215BFEB}.Release|x64.Build.0 = Release|x64
		{8EDF4429-251A-416D-BB68-93F227191BCF}.Debug|x64.ActiveCfg = Debug|x64
		{8EDF4429-251A-416D-BB68-93F227191BCF}.Debug|x64.Build.0 = Debug|x64
		{8EDF4429-251A-416D-BB68-93F227191BCF}.Release|x64.ActiveCfg = Release|x64
		{8EDF4429-251A-416D-BB68-93F227191BCF}.Release|x64.Build.0 = Release|x64
		{20B95A5E-C4E6-4683-9D0A-19692E5F76FE}.Debug|x64.ActiveCfg = Debug|x64
		{20B95A5E-C4E6-4683-9D0A-19692E5F76FE}.Debug|x64.Build.0 = Debug|x64
		{20B95A5E-C4E6-4683-9D0A-19692E5F76FE}.Release|x64.ActiveCfg = Release|x64
		{20B95A5E-C4E6-4683-9D0A-19692E5F76FE}.Release|x64.Build.0 = Release|x64
	EndGlobalSection
	GlobalSection(SolutionProperties) = preSolution
		HideSolutionNode = FALSE
	EndGlobalSection
	GlobalSection(ExtensibilityGlobals) = postSolution
		SolutionGuid = {55420729-5553-4B39-B69B-9B0D1331D35C}
	EndGlobalSection
EndGlobal
