
Microsoft Visual Studio Solution File, Format Version 12.00
# Visual Studio 15
VisualStudioVersion = 15.0.27130.2010
MinimumVisualStudioVersion = 10.0.40219.1
Project("{888888A0-9F3D-457C-B088-3A5042F75D52}") = "IFPythonTesting", "IFPythonTesting\IFPythonTesting.pyproj", "{91D59EAA-93CF-4429-95ED-EC289F86B980}"
EndProject
Global
	GlobalSection(SolutionConfigurationPlatforms) = preSolution
		Debug|Any CPU = Debug|Any CPU
		Release|Any CPU = Release|Any CPU
	EndGlobalSection
	GlobalSection(ProjectConfigurationPlatforms) = postSolution
		{91D59EAA-93CF-4429-95ED-EC289F86B980}.Debug|Any CPU.ActiveCfg = Debug|Any CPU
		{91D59EAA-93CF-4429-95ED-EC289F86B980}.Release|Any CPU.ActiveCfg = Release|Any CPU
	EndGlobalSection
	GlobalSection(SolutionProperties) = preSolution
		HideSolutionNode = FALSE
	EndGlobalSection
	GlobalSection(ExtensibilityGlobals) = postSolution
		SolutionGuid = {74DD3535-DA13-4DA6-B5FD-C5A22D574F90}
	EndGlobalSection
EndGlobal
